
Microsoft Visual Studio Solution File, Format Version 10.00
# Visual Studio 2008
Project("{D183A3D8-5FD8-494B-B014-37F57B35E655}") = "CDS_AnE_Part2", "CDS_AnE_Part2\CDS_AnE_Part2.dtproj", "{5370060E-A8E0-4EA7-9B76-1F98A0F40D4A}"
EndProject
Global
	GlobalSection(SolutionConfigurationPlatforms) = preSolution
		Development|Default = Development|Default
	EndGlobalSection
	GlobalSection(ProjectConfigurationPlatforms) = postSolution
		{5370060E-A8E0-4EA7-9B76-1F98A0F40D4A}.Development|Default.ActiveCfg = Development
		{5370060E-A8E0-4EA7-9B76-1F98A0F40D4A}.Development|Default.Build.0 = Development
	EndGlobalSection
	GlobalSection(SolutionProperties) = preSolution
		HideSolutionNode = FALSE
	EndGlobalSection
EndGlobal
