
Microsoft Visual Studio Solution File, Format Version 10.00
# Visual Studio 2008
Project("{D183A3D8-5FD8-494B-B014-37F57B35E655}") = "SUS Rec Data Import", "SUS Rec Data Import\SUS Rec Data Import.dtproj", "{16147FA9-61F5-4F7D-9C84-4099F1FF9D4C}"
EndProject
Global
	GlobalSection(SolutionConfigurationPlatforms) = preSolution
		Development|Default = Development|Default
	EndGlobalSection
	GlobalSection(ProjectConfigurationPlatforms) = postSolution
		{16147FA9-61F5-4F7D-9C84-4099F1FF9D4C}.Development|Default.ActiveCfg = Development
		{16147FA9-61F5-4F7D-9C84-4099F1FF9D4C}.Development|Default.Build.0 = Development
	EndGlobalSection
	GlobalSection(SolutionProperties) = preSolution
		HideSolutionNode = FALSE
	EndGlobalSection
EndGlobal
